
Microsoft Visual Studio Solution File, Format Version 12.00
# Visual Studio Version 17
VisualStudioVersion = 17.11.35222.181
MinimumVisualStudioVersion = 10.0.40219.1
Project("{FAE04EC0-301F-11D3-BF4B-00C04F79EFBC}") = "Zadanie2", "Zadanie2\Zadanie2.csproj", "{85E8017D-4D62-44F7-BA67-DEAE4D317D70}"
EndProject
Global
	GlobalSection(SolutionConfigurationPlatforms) = preSolution
		Debug|Any CPU = Debug|Any CPU
		Release|Any CPU = Release|Any CPU
	EndGlobalSection
	GlobalSection(ProjectConfigurationPlatforms) = postSolution
		{85E8017D-4D62-44F7-BA67-DEAE4D317D70}.Debug|Any CPU.ActiveCfg = Debug|Any CPU
		{85E8017D-4D62-44F7-BA67-DEAE4D317D70}.Debug|Any CPU.Build.0 = Debug|Any CPU
		{85E8017D-4D62-44F7-BA67-DEAE4D317D70}.Release|Any CPU.ActiveCfg = Release|Any CPU
		{85E8017D-4D62-44F7-BA67-DEAE4D317D70}.Release|Any CPU.Build.0 = Release|Any CPU
	EndGlobalSection
	GlobalSection(SolutionProperties) = preSolution
		HideSolutionNode = FALSE
	EndGlobalSection
	GlobalSection(ExtensibilityGlobals) = postSolution
		SolutionGuid = {47885837-6B30-4EB3-990A-746E10D464B6}
	EndGlobalSection
EndGlobal
